
Microsoft Visual Studio Solution File, Format Version 12.00
# Visual Studio Version 17
VisualStudioVersion = 17.4.33110.190
MinimumVisualStudioVersion = 10.0.40219.1
Project("{FAE04EC0-301F-11D3-BF4B-00C04F79EFBC}") = "SP7", "SP7\SP7.csproj", "{45B4D396-E60D-40BD-ACFD-C528D88E8AA9}"
EndProject
Global
	GlobalSection(SolutionConfigurationPlatforms) = preSolution
		Debug|Any CPU = Debug|Any CPU
		Release|Any CPU = Release|Any CPU
	EndGlobalSection
	GlobalSection(ProjectConfigurationPlatforms) = postSolution
		{45B4D396-E60D-40BD-ACFD-C528D88E8AA9}.Debug|Any CPU.ActiveCfg = Debug|Any CPU
		{45B4D396-E60D-40BD-ACFD-C528D88E8AA9}.Debug|Any CPU.Build.0 = Debug|Any CPU
		{45B4D396-E60D-40BD-ACFD-C528D88E8AA9}.Release|Any CPU.ActiveCfg = Release|Any CPU
		{45B4D396-E60D-40BD-ACFD-C528D88E8AA9}.Release|Any CPU.Build.0 = Release|Any CPU
	EndGlobalSection
	GlobalSection(SolutionProperties) = preSolution
		HideSolutionNode = FALSE
	EndGlobalSection
	GlobalSection(ExtensibilityGlobals) = postSolution
		SolutionGuid = {F7F56DF1-0055-410C-BD13-18DC2F8DCEF8}
	EndGlobalSection
EndGlobal
